
Microsoft Visual Studio Solution File, Format Version 12.00
# Visual Studio Version 17
VisualStudioVersion = 17.11.35327.3
MinimumVisualStudioVersion = 10.0.40219.1
Project("{FAE04EC0-301F-11D3-BF4B-00C04F79EFBC}") = "shopping", "shopping\shopping.csproj", "{39A70DE4-789F-43AD-92B1-B4F5C83488B6}"
EndProject
Global
	GlobalSection(SolutionConfigurationPlatforms) = preSolution
		Debug|Any CPU = Debug|Any CPU
		Release|Any CPU = Release|Any CPU
	EndGlobalSection
	GlobalSection(ProjectConfigurationPlatforms) = postSolution
		{39A70DE4-789F-43AD-92B1-B4F5C83488B6}.Debug|Any CPU.ActiveCfg = Debug|Any CPU
		{39A70DE4-789F-43AD-92B1-B4F5C83488B6}.Debug|Any CPU.Build.0 = Debug|Any CPU
		{39A70DE4-789F-43AD-92B1-B4F5C83488B6}.Release|Any CPU.ActiveCfg = Release|Any CPU
		{39A70DE4-789F-43AD-92B1-B4F5C83488B6}.Release|Any CPU.Build.0 = Release|Any CPU
	EndGlobalSection
	GlobalSection(SolutionProperties) = preSolution
		HideSolutionNode = FALSE
	EndGlobalSection
	GlobalSection(ExtensibilityGlobals) = postSolution
		SolutionGuid = {01D3DDA3-23A1-4A69-AB87-2DD8FD01C725}
	EndGlobalSection
EndGlobal
